
Microsoft Visual Studio Solution File, Format Version 12.00
# Visual Studio Version 17
VisualStudioVersion = 17.8.34330.188
MinimumVisualStudioVersion = 10.0.40219.1
Project("{FAE04EC0-301F-11D3-BF4B-00C04F79EFBC}") = "ConsoleClassMethods", "ConsoleClassMethods\ConsoleClassMethods.csproj", "{F96999D2-CD85-4223-8572-53DFB81E311E}"
EndProject
Global
	GlobalSection(SolutionConfigurationPlatforms) = preSolution
		Debug|Any CPU = Debug|Any CPU
		Release|Any CPU = Release|Any CPU
	EndGlobalSection
	GlobalSection(ProjectConfigurationPlatforms) = postSolution
		{F96999D2-CD85-4223-8572-53DFB81E311E}.Debug|Any CPU.ActiveCfg = Debug|Any CPU
		{F96999D2-CD85-4223-8572-53DFB81E311E}.Debug|Any CPU.Build.0 = Debug|Any CPU
		{F96999D2-CD85-4223-8572-53DFB81E311E}.Release|Any CPU.ActiveCfg = Release|Any CPU
		{F96999D2-CD85-4223-8572-53DFB81E311E}.Release|Any CPU.Build.0 = Release|Any CPU
	EndGlobalSection
	GlobalSection(SolutionProperties) = preSolution
		HideSolutionNode = FALSE
	EndGlobalSection
	GlobalSection(ExtensibilityGlobals) = postSolution
		SolutionGuid = {9A0092F4-5D87-4AAF-91BA-A8B2B8ED2205}
	EndGlobalSection
EndGlobal
