
Microsoft Visual Studio Solution File, Format Version 12.00
# Visual Studio Version 17
VisualStudioVersion = 17.8.34330.188
MinimumVisualStudioVersion = 10.0.40219.1
Project("{FAE04EC0-301F-11D3-BF4B-00C04F79EFBC}") = "DataTypes", "DataTypes\DataTypes.csproj", "{58F698F2-270E-42C1-8F79-5110795400A3}"
EndProject
Global
	GlobalSection(SolutionConfigurationPlatforms) = preSolution
		Debug|Any CPU = Debug|Any CPU
		Release|Any CPU = Release|Any CPU
	EndGlobalSection
	GlobalSection(ProjectConfigurationPlatforms) = postSolution
		{58F698F2-270E-42C1-8F79-5110795400A3}.Debug|Any CPU.ActiveCfg = Debug|Any CPU
		{58F698F2-270E-42C1-8F79-5110795400A3}.Debug|Any CPU.Build.0 = Debug|Any CPU
		{58F698F2-270E-42C1-8F79-5110795400A3}.Release|Any CPU.ActiveCfg = Release|Any CPU
		{58F698F2-270E-42C1-8F79-5110795400A3}.Release|Any CPU.Build.0 = Release|Any CPU
	EndGlobalSection
	GlobalSection(SolutionProperties) = preSolution
		HideSolutionNode = FALSE
	EndGlobalSection
	GlobalSection(ExtensibilityGlobals) = postSolution
		SolutionGuid = {4F3B221D-AA74-45CE-82B5-7D81DA406613}
	EndGlobalSection
EndGlobal
