
Microsoft Visual Studio Solution File, Format Version 12.00
# Visual Studio Version 17
VisualStudioVersion = 17.8.34330.188
MinimumVisualStudioVersion = 10.0.40219.1
Project("{FAE04EC0-301F-11D3-BF4B-00C04F79EFBC}") = "ImplicitExplicitConversion", "ImplicitExplicitConversion\ImplicitExplicitConversion.csproj", "{6EC65950-38D7-43E4-8251-E344C9952285}"
EndProject
Global
	GlobalSection(SolutionConfigurationPlatforms) = preSolution
		Debug|Any CPU = Debug|Any CPU
		Release|Any CPU = Release|Any CPU
	EndGlobalSection
	GlobalSection(ProjectConfigurationPlatforms) = postSolution
		{6EC65950-38D7-43E4-8251-E344C9952285}.Debug|Any CPU.ActiveCfg = Debug|Any CPU
		{6EC65950-38D7-43E4-8251-E344C9952285}.Debug|Any CPU.Build.0 = Debug|Any CPU
		{6EC65950-38D7-43E4-8251-E344C9952285}.Release|Any CPU.ActiveCfg = Release|Any CPU
		{6EC65950-38D7-43E4-8251-E344C9952285}.Release|Any CPU.Build.0 = Release|Any CPU
	EndGlobalSection
	GlobalSection(SolutionProperties) = preSolution
		HideSolutionNode = FALSE
	EndGlobalSection
	GlobalSection(ExtensibilityGlobals) = postSolution
		SolutionGuid = {693D17ED-D0C4-4E25-8782-457A8B01E9B9}
	EndGlobalSection
EndGlobal
